
Microsoft Visual Studio Solution File, Format Version 12.00
# Visual Studio Version 16
VisualStudioVersion = 25.0.1706.4
MinimumVisualStudioVersion = 10.0.40219.1
Project("{FAE04EC0-301F-11D3-BF4B-00C04F79EFBC}") = "team3", "team3\team3.csproj", "{AD0CF881-DD32-49E2-949E-46701575D915}"
EndProject
Global
	GlobalSection(SolutionConfigurationPlatforms) = preSolution
		Debug|Any CPU = Debug|Any CPU
		Release|Any CPU = Release|Any CPU
	EndGlobalSection
	GlobalSection(ProjectConfigurationPlatforms) = postSolution
		{AD0CF881-DD32-49E2-949E-46701575D915}.Debug|Any CPU.ActiveCfg = Debug|Any CPU
		{AD0CF881-DD32-49E2-949E-46701575D915}.Debug|Any CPU.Build.0 = Debug|Any CPU
		{AD0CF881-DD32-49E2-949E-46701575D915}.Release|Any CPU.ActiveCfg = Release|Any CPU
		{AD0CF881-DD32-49E2-949E-46701575D915}.Release|Any CPU.Build.0 = Release|Any CPU
	EndGlobalSection
	GlobalSection(SolutionProperties) = preSolution
		HideSolutionNode = FALSE
	EndGlobalSection
	GlobalSection(ExtensibilityGlobals) = postSolution
		SolutionGuid = {AEA9237E-B4AF-4DC6-82E9-A23401066E8C}
	EndGlobalSection
EndGlobal
